Microsoft Visual Studio Solution File, Format Version 12.00
# Visual Studio Version 17
VisualStudioVersion = 17.5.2.0
MinimumVisualStudioVersion = 10.0.40219.1
Project("{FAE04EC0-301F-11D3-BF4B-00C04F79EFBC}") = "SLM.OllamaClient", "SLM.OllamaClient.csproj", "{A061078E-92B0-561E-F152-815FACD40688}"
EndProject
Global
	GlobalSection(SolutionConfigurationPlatforms) = preSolution
		Debug|Any CPU = Debug|Any CPU
		Release|Any CPU = Release|Any CPU
	EndGlobalSection
	GlobalSection(ProjectConfigurationPlatforms) = postSolution
		{A061078E-92B0-561E-F152-815FACD40688}.Debug|Any CPU.ActiveCfg = Debug|Any CPU
		{A061078E-92B0-561E-F152-815FACD40688}.Debug|Any CPU.Build.0 = Debug|Any CPU
		{A061078E-92B0-561E-F152-815FACD40688}.Release|Any CPU.ActiveCfg = Release|Any CPU
		{A061078E-92B0-561E-F152-815FACD40688}.Release|Any CPU.Build.0 = Release|Any CPU
	EndGlobalSection
	GlobalSection(SolutionProperties) = preSolution
		HideSolutionNode = FALSE
	EndGlobalSection
	GlobalSection(ExtensibilityGlobals) = postSolution
		SolutionGuid = {86E1AA9A-A1FC-4438-8E42-D4B37BA11D3B}
	EndGlobalSection
EndGlobal
