
Microsoft Visual Studio Solution File, Format Version 12.00
# Visual Studio Version 17
VisualStudioVersion = 17.8.0.0
MinimumVisualStudioVersion = 17.8.0.0
Project("{9A19103F-16F7-4668-BE54-9A1E7A4F7556}") = "SoccerFIFA.AppHost", "SoccerFIFA.AppHost\SoccerFIFA.AppHost.csproj", "{E9B4ABC7-500B-43B9-8621-722292B2E2F1}"
EndProject
Project("{9A19103F-16F7-4668-BE54-9A1E7A4F7556}") = "SoccerFIFA.ServiceDefaults", "SoccerFIFA.ServiceDefaults\SoccerFIFA.ServiceDefaults.csproj", "{FB151A01-C5B8-4068-BB61-81E3C4F1B15B}"
EndProject
Project("{FAE04EC0-301F-11D3-BF4B-00C04F79EFBC}") = "WebApiFIFA", "WebApiFIFA\WebApiFIFA.csproj", "{2768D258-4318-40BE-B27C-40DB7FEC541C}"
EndProject
Project("{FAE04EC0-301F-11D3-BF4B-00C04F79EFBC}") = "LibraryFIFA", "LibraryFIFA\LibraryFIFA.csproj", "{B8990FC8-D039-47DD-BE59-142E86DD23A9}"
EndProject
Project("{FAE04EC0-301F-11D3-BF4B-00C04F79EFBC}") = "BlazorFIFA", "BlazorFIFA\BlazorFIFA.csproj", "{23FBC1C5-74E9-45A5-8875-F1A0AC47E1C2}"
EndProject
Global
	GlobalSection(SolutionConfigurationPlatforms) = preSolution
		Debug|Any CPU = Debug|Any CPU
		Debug|x64 = Debug|x64
		Debug|x86 = Debug|x86
		Release|Any CPU = Release|Any CPU
		Release|x64 = Release|x64
		Release|x86 = Release|x86
	EndGlobalSection
	GlobalSection(ProjectConfigurationPlatforms) = postSolution
		{E9B4ABC7-500B-43B9-8621-722292B2E2F1}.Debug|Any CPU.ActiveCfg = Debug|Any CPU
		{E9B4ABC7-500B-43B9-8621-722292B2E2F1}.Debug|Any CPU.Build.0 = Debug|Any CPU
		{E9B4ABC7-500B-43B9-8621-722292B2E2F1}.Debug|x64.ActiveCfg = Debug|Any CPU
		{E9B4ABC7-500B-43B9-8621-722292B2E2F1}.Debug|x64.Build.0 = Debug|Any CPU
		{E9B4ABC7-500B-43B9-8621-722292B2E2F1}.Debug|x86.ActiveCfg = Debug|Any CPU
		{E9B4ABC7-500B-43B9-8621-722292B2E2F1}.Debug|x86.Build.0 = Debug|Any CPU
		{E9B4ABC7-500B-43B9-8621-722292B2E2F1}.Release|Any CPU.ActiveCfg = Release|Any CPU
		{E9B4ABC7-500B-43B9-8621-722292B2E2F1}.Release|Any CPU.Build.0 = Release|Any CPU
		{E9B4ABC7-500B-43B9-8621-722292B2E2F1}.Release|x64.ActiveCfg = Release|Any CPU
		{E9B4ABC7-500B-43B9-8621-722292B2E2F1}.Release|x64.Build.0 = Release|Any CPU
		{E9B4ABC7-500B-43B9-8621-722292B2E2F1}.Release|x86.ActiveCfg = Release|Any CPU
		{E9B4ABC7-500B-43B9-8621-722292B2E2F1}.Release|x86.Build.0 = Release|Any CPU
		{FB151A01-C5B8-4068-BB61-81E3C4F1B15B}.Debug|Any CPU.ActiveCfg = Debug|Any CPU
		{FB151A01-C5B8-4068-BB61-81E3C4F1B15B}.Debug|Any CPU.Build.0 = Debug|Any CPU
		{FB151A01-C5B8-4068-BB61-81E3C4F1B15B}.Debug|x64.ActiveCfg = Debug|Any CPU
		{FB151A01-C5B8-4068-BB61-81E3C4F1B15B}.Debug|x64.Build.0 = Debug|Any CPU
		{FB151A01-C5B8-4068-BB61-81E3C4F1B15B}.Debug|x86.ActiveCfg = Debug|Any CPU
		{FB151A01-C5B8-4068-BB61-81E3C4F1B15B}.Debug|x86.Build.0 = Debug|Any CPU
		{FB151A01-C5B8-4068-BB61-81E3C4F1B15B}.Release|Any CPU.ActiveCfg = Release|Any CPU
		{FB151A01-C5B8-4068-BB61-81E3C4F1B15B}.Release|Any CPU.Build.0 = Release|Any CPU
		{FB151A01-C5B8-4068-BB61-81E3C4F1B15B}.Release|x64.ActiveCfg = Release|Any CPU
		{FB151A01-C5B8-4068-BB61-81E3C4F1B15B}.Release|x64.Build.0 = Release|Any CPU
		{FB151A01-C5B8-4068-BB61-81E3C4F1B15B}.Release|x86.ActiveCfg = Release|Any CPU
		{FB151A01-C5B8-4068-BB61-81E3C4F1B15B}.Release|x86.Build.0 = Release|Any CPU
		{2768D258-4318-40BE-B27C-40DB7FEC541C}.Debug|Any CPU.ActiveCfg = Debug|Any CPU
		{2768D258-4318-40BE-B27C-40DB7FEC541C}.Debug|Any CPU.Build.0 = Debug|Any CPU
		{2768D258-4318-40BE-B27C-40DB7FEC541C}.Debug|x64.ActiveCfg = Debug|Any CPU
		{2768D258-4318-40BE-B27C-40DB7FEC541C}.Debug|x64.Build.0 = Debug|Any CPU
		{2768D258-4318-40BE-B27C-40DB7FEC541C}.Debug|x86.ActiveCfg = Debug|Any CPU
		{2768D258-4318-40BE-B27C-40DB7FEC541C}.Debug|x86.Build.0 = Debug|Any CPU
		{2768D258-4318-40BE-B27C-40DB7FEC541C}.Release|Any CPU.ActiveCfg = Release|Any CPU
		{2768D258-4318-40BE-B27C-40DB7FEC541C}.Release|Any CPU.Build.0 = Release|Any CPU
		{2768D258-4318-40BE-B27C-40DB7FEC541C}.Release|x64.ActiveCfg = Release|Any CPU
		{2768D258-4318-40BE-B27C-40DB7FEC541C}.Release|x64.Build.0 = Release|Any CPU
		{2768D258-4318-40BE-B27C-40DB7FEC541C}.Release|x86.ActiveCfg = Release|Any CPU
		{2768D258-4318-40BE-B27C-40DB7FEC541C}.Release|x86.Build.0 = Release|Any CPU
		{B8990FC8-D039-47DD-BE59-142E86DD23A9}.Debug|Any CPU.ActiveCfg = Debug|Any CPU
		{B8990FC8-D039-47DD-BE59-142E86DD23A9}.Debug|Any CPU.Build.0 = Debug|Any CPU
		{B8990FC8-D039-47DD-BE59-142E86DD23A9}.Debug|x64.ActiveCfg = Debug|Any CPU
		{B8990FC8-D039-47DD-BE59-142E86DD23A9}.Debug|x64.Build.0 = Debug|Any CPU
		{B8990FC8-D039-47DD-BE59-142E86DD23A9}.Debug|x86.ActiveCfg = Debug|Any CPU
		{B8990FC8-D039-47DD-BE59-142E86DD23A9}.Debug|x86.Build.0 = Debug|Any CPU
		{B8990FC8-D039-47DD-BE59-142E86DD23A9}.Release|Any CPU.ActiveCfg = Release|Any CPU
		{B8990FC8-D039-47DD-BE59-142E86DD23A9}.Release|Any CPU.Build.0 = Release|Any CPU
		{B8990FC8-D039-47DD-BE59-142E86DD23A9}.Release|x64.ActiveCfg = Release|Any CPU
		{B8990FC8-D039-47DD-BE59-142E86DD23A9}.Release|x64.Build.0 = Release|Any CPU
		{B8990FC8-D039-47DD-BE59-142E86DD23A9}.Release|x86.ActiveCfg = Release|Any CPU
		{B8990FC8-D039-47DD-BE59-142E86DD23A9}.Release|x86.Build.0 = Release|Any CPU
		{23FBC1C5-74E9-45A5-8875-F1A0AC47E1C2}.Debug|Any CPU.ActiveCfg = Debug|Any CPU
		{23FBC1C5-74E9-45A5-8875-F1A0AC47E1C2}.Debug|Any CPU.Build.0 = Debug|Any CPU
		{23FBC1C5-74E9-45A5-8875-F1A0AC47E1C2}.Debug|x64.ActiveCfg = Debug|Any CPU
		{23FBC1C5-74E9-45A5-8875-F1A0AC47E1C2}.Debug|x64.Build.0 = Debug|Any CPU
		{23FBC1C5-74E9-45A5-8875-F1A0AC47E1C2}.Debug|x86.ActiveCfg = Debug|Any CPU
		{23FBC1C5-74E9-45A5-8875-F1A0AC47E1C2}.Debug|x86.Build.0 = Debug|Any CPU
		{23FBC1C5-74E9-45A5-8875-F1A0AC47E1C2}.Release|Any CPU.ActiveCfg = Release|Any CPU
		{23FBC1C5-74E9-45A5-8875-F1A0AC47E1C2}.Release|Any CPU.Build.0 = Release|Any CPU
		{23FBC1C5-74E9-45A5-8875-F1A0AC47E1C2}.Release|x64.ActiveCfg = Release|Any CPU
		{23FBC1C5-74E9-45A5-8875-F1A0AC47E1C2}.Release|x64.Build.0 = Release|Any CPU
		{23FBC1C5-74E9-45A5-8875-F1A0AC47E1C2}.Release|x86.ActiveCfg = Release|Any CPU
		{23FBC1C5-74E9-45A5-8875-F1A0AC47E1C2}.Release|x86.Build.0 = Release|Any CPU
	EndGlobalSection
	GlobalSection(SolutionProperties) = preSolution
		HideSolutionNode = FALSE
	EndGlobalSection
	GlobalSection(ExtensibilityGlobals) = postSolution
		SolutionGuid = {5CF12BC4-FF96-4FDE-AEAA-6C6B0430E4A3}
	EndGlobalSection
EndGlobal
