Microsoft Visual Studio Solution File, Format Version 12.00
# Visual Studio Version 17
VisualStudioVersion = 17.5.2.0
MinimumVisualStudioVersion = 10.0.40219.1
Project("{FAE04EC0-301F-11D3-BF4B-00C04F79EFBC}") = "MvcWithNW", "MvcWithNW.csproj", "{C565E934-8B27-62EC-3D3E-E2F803446734}"
EndProject
Global
	GlobalSection(SolutionConfigurationPlatforms) = preSolution
		Debug|Any CPU = Debug|Any CPU
		Release|Any CPU = Release|Any CPU
	EndGlobalSection
	GlobalSection(ProjectConfigurationPlatforms) = postSolution
		{C565E934-8B27-62EC-3D3E-E2F803446734}.Debug|Any CPU.ActiveCfg = Debug|Any CPU
		{C565E934-8B27-62EC-3D3E-E2F803446734}.Debug|Any CPU.Build.0 = Debug|Any CPU
		{C565E934-8B27-62EC-3D3E-E2F803446734}.Release|Any CPU.ActiveCfg = Release|Any CPU
		{C565E934-8B27-62EC-3D3E-E2F803446734}.Release|Any CPU.Build.0 = Release|Any CPU
	EndGlobalSection
	GlobalSection(SolutionProperties) = preSolution
		HideSolutionNode = FALSE
	EndGlobalSection
	GlobalSection(ExtensibilityGlobals) = postSolution
		SolutionGuid = {4A8F6947-0CF5-4B34-8D52-FFEE76C0D2B6}
	EndGlobalSection
EndGlobal
