Microsoft Visual Studio Solution File, Format Version 12.00
# Visual Studio Version 17
VisualStudioVersion = 17.5.2.0
MinimumVisualStudioVersion = 10.0.40219.1
Project("{FAE04EC0-301F-11D3-BF4B-00C04F79EFBC}") = "FifaWorldCup", "FifaWorldCup\FifaWorldCup.csproj", "{497D077B-9DA7-1473-DF99-09900E9BDAA5}"
EndProject
Global
	GlobalSection(SolutionConfigurationPlatforms) = preSolution
		Debug|Any CPU = Debug|Any CPU
		Release|Any CPU = Release|Any CPU
	EndGlobalSection
	GlobalSection(ProjectConfigurationPlatforms) = postSolution
		{497D077B-9DA7-1473-DF99-09900E9BDAA5}.Debug|Any CPU.ActiveCfg = Debug|Any CPU
		{497D077B-9DA7-1473-DF99-09900E9BDAA5}.Debug|Any CPU.Build.0 = Debug|Any CPU
		{497D077B-9DA7-1473-DF99-09900E9BDAA5}.Release|Any CPU.ActiveCfg = Release|Any CPU
		{497D077B-9DA7-1473-DF99-09900E9BDAA5}.Release|Any CPU.Build.0 = Release|Any CPU
	EndGlobalSection
	GlobalSection(SolutionProperties) = preSolution
		HideSolutionNode = FALSE
	EndGlobalSection
	GlobalSection(ExtensibilityGlobals) = postSolution
		SolutionGuid = {ED4DF03B-0163-45EB-984D-DFB02251DAC7}
	EndGlobalSection
EndGlobal
