Microsoft Visual Studio Solution File, Format Version 12.00
# Visual Studio Version 17
VisualStudioVersion = 17.5.2.0
MinimumVisualStudioVersion = 10.0.40219.1
Project("{FAE04EC0-301F-11D3-BF4B-00C04F79EFBC}") = "HelloLibrary", "HelloLibrary\HelloLibrary.csproj", "{8D9732C0-8A57-8A4C-A279-F9DDDD5D3767}"
EndProject
Project("{FAE04EC0-301F-11D3-BF4B-00C04F79EFBC}") = "HelloCsharp", "HelloCsharp\HelloCsharp.csproj", "{03B0A38A-28F0-EA26-6657-E475382A41C8}"
EndProject
Global
	GlobalSection(SolutionConfigurationPlatforms) = preSolution
		Debug|Any CPU = Debug|Any CPU
		Release|Any CPU = Release|Any CPU
	EndGlobalSection
	GlobalSection(ProjectConfigurationPlatforms) = postSolution
		{8D9732C0-8A57-8A4C-A279-F9DDDD5D3767}.Debug|Any CPU.ActiveCfg = Debug|Any CPU
		{8D9732C0-8A57-8A4C-A279-F9DDDD5D3767}.Debug|Any CPU.Build.0 = Debug|Any CPU
		{8D9732C0-8A57-8A4C-A279-F9DDDD5D3767}.Release|Any CPU.ActiveCfg = Release|Any CPU
		{8D9732C0-8A57-8A4C-A279-F9DDDD5D3767}.Release|Any CPU.Build.0 = Release|Any CPU
		{03B0A38A-28F0-EA26-6657-E475382A41C8}.Debug|Any CPU.ActiveCfg = Debug|Any CPU
		{03B0A38A-28F0-EA26-6657-E475382A41C8}.Debug|Any CPU.Build.0 = Debug|Any CPU
		{03B0A38A-28F0-EA26-6657-E475382A41C8}.Release|Any CPU.ActiveCfg = Release|Any CPU
		{03B0A38A-28F0-EA26-6657-E475382A41C8}.Release|Any CPU.Build.0 = Release|Any CPU
	EndGlobalSection
	GlobalSection(SolutionProperties) = preSolution
		HideSolutionNode = FALSE
	EndGlobalSection
	GlobalSection(ExtensibilityGlobals) = postSolution
		SolutionGuid = {44B7E5D7-7E16-426E-BD4B-509CFADDF2C7}
	EndGlobalSection
EndGlobal
