
Microsoft Visual Studio Solution File, Format Version 12.00
# Visual Studio Version 17
VisualStudioVersion = 17.0.31903.59
MinimumVisualStudioVersion = 10.0.40219.1
Project("{FAE04EC0-301F-11D3-BF4B-00C04F79EFBC}") = "ServerSideBlazor", "ServerSideBlazor\ServerSideBlazor.csproj", "{65A29C58-3D48-49F7-9777-6134AF069DCB}"
EndProject
Project("{FAE04EC0-301F-11D3-BF4B-00C04F79EFBC}") = "SchoolLibrary", "SchoolLibrary\SchoolLibrary.csproj", "{B9B8BF57-84A0-4659-93FC-E5F7F90C9D1D}"
EndProject
Project("{FAE04EC0-301F-11D3-BF4B-00C04F79EFBC}") = "ExportData", "ExportData\ExportData.csproj", "{3794A120-B95E-4881-9A3B-6AD7FD3361EC}"
EndProject
Global
	GlobalSection(SolutionConfigurationPlatforms) = preSolution
		Debug|Any CPU = Debug|Any CPU
		Release|Any CPU = Release|Any CPU
	EndGlobalSection
	GlobalSection(SolutionProperties) = preSolution
		HideSolutionNode = FALSE
	EndGlobalSection
	GlobalSection(ProjectConfigurationPlatforms) = postSolution
		{65A29C58-3D48-49F7-9777-6134AF069DCB}.Debug|Any CPU.ActiveCfg = Debug|Any CPU
		{65A29C58-3D48-49F7-9777-6134AF069DCB}.Debug|Any CPU.Build.0 = Debug|Any CPU
		{65A29C58-3D48-49F7-9777-6134AF069DCB}.Release|Any CPU.ActiveCfg = Release|Any CPU
		{65A29C58-3D48-49F7-9777-6134AF069DCB}.Release|Any CPU.Build.0 = Release|Any CPU
		{B9B8BF57-84A0-4659-93FC-E5F7F90C9D1D}.Debug|Any CPU.ActiveCfg = Debug|Any CPU
		{B9B8BF57-84A0-4659-93FC-E5F7F90C9D1D}.Debug|Any CPU.Build.0 = Debug|Any CPU
		{B9B8BF57-84A0-4659-93FC-E5F7F90C9D1D}.Release|Any CPU.ActiveCfg = Release|Any CPU
		{B9B8BF57-84A0-4659-93FC-E5F7F90C9D1D}.Release|Any CPU.Build.0 = Release|Any CPU
		{3794A120-B95E-4881-9A3B-6AD7FD3361EC}.Debug|Any CPU.ActiveCfg = Debug|Any CPU
		{3794A120-B95E-4881-9A3B-6AD7FD3361EC}.Debug|Any CPU.Build.0 = Debug|Any CPU
		{3794A120-B95E-4881-9A3B-6AD7FD3361EC}.Release|Any CPU.ActiveCfg = Release|Any CPU
		{3794A120-B95E-4881-9A3B-6AD7FD3361EC}.Release|Any CPU.Build.0 = Release|Any CPU
	EndGlobalSection
EndGlobal
